
Microsoft Visual Studio Solution File, Format Version 12.00
# Visual Studio Version 17
VisualStudioVersion = 17.5.33516.290
MinimumVisualStudioVersion = 10.0.40219.1
Project("{FAE04EC0-301F-11D3-BF4B-00C04F79EFBC}") = "WinForms_HW_4", "WinForms_HW_4.csproj", "{854B0875-ADB4-49A9-8A8F-664A0A7A76DB}"
EndProject
Global
	GlobalSection(SolutionConfigurationPlatforms) = preSolution
		Debug|Any CPU = Debug|Any CPU
		Release|Any CPU = Release|Any CPU
	EndGlobalSection
	GlobalSection(ProjectConfigurationPlatforms) = postSolution
		{854B0875-ADB4-49A9-8A8F-664A0A7A76DB}.Debug|Any CPU.ActiveCfg = Debug|Any CPU
		{854B0875-ADB4-49A9-8A8F-664A0A7A76DB}.Debug|Any CPU.Build.0 = Debug|Any CPU
		{854B0875-ADB4-49A9-8A8F-664A0A7A76DB}.Release|Any CPU.ActiveCfg = Release|Any CPU
		{854B0875-ADB4-49A9-8A8F-664A0A7A76DB}.Release|Any CPU.Build.0 = Release|Any CPU
	EndGlobalSection
	GlobalSection(SolutionProperties) = preSolution
		HideSolutionNode = FALSE
	EndGlobalSection
	GlobalSection(ExtensibilityGlobals) = postSolution
		SolutionGuid = {57DE5EA8-0F5C-42D7-917A-F0BFDDEA5D27}
	EndGlobalSection
EndGlobal
